
Microsoft Visual Studio Solution File, Format Version 12.00
# Visual Studio Version 17
VisualStudioVersion = 17.4.33213.308
MinimumVisualStudioVersion = 10.0.40219.1
Project("{FAE04EC0-301F-11D3-BF4B-00C04F79EFBC}") = "FoodManagement", "FoodManagement\FoodManagement.csproj", "{0A808A14-AA2A-436E-9E2B-5A70888ED0F7}"
EndProject
Project("{FAE04EC0-301F-11D3-BF4B-00C04F79EFBC}") = "FoodManagement.Application", "FoodManagement.Application\FoodManagement.Application.csproj", "{6C2DEF08-E99E-41FD-AC82-D170850E1E86}"
EndProject
Project("{FAE04EC0-301F-11D3-BF4B-00C04F79EFBC}") = "FoodManagement.Core", "FoodManagement.Core\FoodManagement.Core.csproj", "{C8D6E154-73D3-4742-8983-44AFEA0A7628}"
EndProject
Project("{FAE04EC0-301F-11D3-BF4B-00C04F79EFBC}") = "FoodManagement.Infrastracture", "FoodManagement.Infrastracture\FoodManagement.Infrastracture.csproj", "{A246AB2F-2041-44B8-856F-281B6157211F}"
EndProject
Global
	GlobalSection(SolutionConfigurationPlatforms) = preSolution
		Debug|Any CPU = Debug|Any CPU
		Release|Any CPU = Release|Any CPU
	EndGlobalSection
	GlobalSection(ProjectConfigurationPlatforms) = postSolution
		{0A808A14-AA2A-436E-9E2B-5A70888ED0F7}.Debug|Any CPU.ActiveCfg = Debug|Any CPU
		{0A808A14-AA2A-436E-9E2B-5A70888ED0F7}.Debug|Any CPU.Build.0 = Debug|Any CPU
		{0A808A14-AA2A-436E-9E2B-5A70888ED0F7}.Release|Any CPU.ActiveCfg = Release|Any CPU
		{0A808A14-AA2A-436E-9E2B-5A70888ED0F7}.Release|Any CPU.Build.0 = Release|Any CPU
		{6C2DEF08-E99E-41FD-AC82-D170850E1E86}.Debug|Any CPU.ActiveCfg = Debug|Any CPU
		{6C2DEF08-E99E-41FD-AC82-D170850E1E86}.Debug|Any CPU.Build.0 = Debug|Any CPU
		{6C2DEF08-E99E-41FD-AC82-D170850E1E86}.Release|Any CPU.ActiveCfg = Release|Any CPU
		{6C2DEF08-E99E-41FD-AC82-D170850E1E86}.Release|Any CPU.Build.0 = Release|Any CPU
		{C8D6E154-73D3-4742-8983-44AFEA0A7628}.Debug|Any CPU.ActiveCfg = Debug|Any CPU
		{C8D6E154-73D3-4742-8983-44AFEA0A7628}.Debug|Any CPU.Build.0 = Debug|Any CPU
		{C8D6E154-73D3-4742-8983-44AFEA0A7628}.Release|Any CPU.ActiveCfg = Release|Any CPU
		{C8D6E154-73D3-4742-8983-44AFEA0A7628}.Release|Any CPU.Build.0 = Release|Any CPU
		{A246AB2F-2041-44B8-856F-281B6157211F}.Debug|Any CPU.ActiveCfg = Debug|Any CPU
		{A246AB2F-2041-44B8-856F-281B6157211F}.Debug|Any CPU.Build.0 = Debug|Any CPU
		{A246AB2F-2041-44B8-856F-281B6157211F}.Release|Any CPU.ActiveCfg = Release|Any CPU
		{A246AB2F-2041-44B8-856F-281B6157211F}.Release|Any CPU.Build.0 = Release|Any CPU
	EndGlobalSection
	GlobalSection(SolutionProperties) = preSolution
		HideSolutionNode = FALSE
	EndGlobalSection
	GlobalSection(ExtensibilityGlobals) = postSolution
		SolutionGuid = {E553B8B3-C30A-48A6-B114-40F1A9D1B938}
	EndGlobalSection
EndGlobal
